
Microsoft Visual Studio Solution File, Format Version 12.00
# Visual Studio Version 17
VisualStudioVersion = 17.9.34622.214
MinimumVisualStudioVersion = 10.0.40219.1
Project("{FAE04EC0-301F-11D3-BF4B-00C04F79EFBC}") = "Validation", "Validation\Validation.csproj", "{3E702702-2305-431F-AC5D-55C39158F20B}"
EndProject
Global
	GlobalSection(SolutionConfigurationPlatforms) = preSolution
		Debug|Any CPU = Debug|Any CPU
		Release|Any CPU = Release|Any CPU
	EndGlobalSection
	GlobalSection(ProjectConfigurationPlatforms) = postSolution
		{3E702702-2305-431F-AC5D-55C39158F20B}.Debug|Any CPU.ActiveCfg = Debug|Any CPU
		{3E702702-2305-431F-AC5D-55C39158F20B}.Debug|Any CPU.Build.0 = Debug|Any CPU
		{3E702702-2305-431F-AC5D-55C39158F20B}.Release|Any CPU.ActiveCfg = Release|Any CPU
		{3E702702-2305-431F-AC5D-55C39158F20B}.Release|Any CPU.Build.0 = Release|Any CPU
	EndGlobalSection
	GlobalSection(SolutionProperties) = preSolution
		HideSolutionNode = FALSE
	EndGlobalSection
	GlobalSection(ExtensibilityGlobals) = postSolution
		SolutionGuid = {40919819-E503-40D6-AD60-FBC52D8F0863}
	EndGlobalSection
EndGlobal
